
Microsoft Visual Studio Solution File, Format Version 12.00
# Visual Studio 15
VisualStudioVersion = 15.0.27703.2018
MinimumVisualStudioVersion = 10.0.40219.1
Project("{FAE04EC0-301F-11D3-BF4B-00C04F79EFBC}") = "RobotSimulator.UI.Console", "RobotSimulator.UI.Console\RobotSimulator.UI.Console.csproj", "{3072D367-3D9C-4952-926D-9850C3A3759C}"
EndProject
Project("{FAE04EC0-301F-11D3-BF4B-00C04F79EFBC}") = "RobotSimulator.Domain", "RobotSimulator.Domain\RobotSimulator.Domain.csproj", "{5CC30445-5592-4E6D-9FD3-97EFBF9EE2F5}"
EndProject
Project("{FAE04EC0-301F-11D3-BF4B-00C04F79EFBC}") = "RobotSimulator.Tests", "RobotSimulator.Tests\RobotSimulator.Tests.csproj", "{3354964B-3528-444D-9350-3DD18464EE01}"
EndProject
Global
	GlobalSection(SolutionConfigurationPlatforms) = preSolution
		Debug|Any CPU = Debug|Any CPU
		Release|Any CPU = Release|Any CPU
	EndGlobalSection
	GlobalSection(ProjectConfigurationPlatforms) = postSolution
		{3072D367-3D9C-4952-926D-9850C3A3759C}.Debug|Any CPU.ActiveCfg = Debug|Any CPU
		{3072D367-3D9C-4952-926D-9850C3A3759C}.Debug|Any CPU.Build.0 = Debug|Any CPU
		{3072D367-3D9C-4952-926D-9850C3A3759C}.Release|Any CPU.ActiveCfg = Release|Any CPU
		{3072D367-3D9C-4952-926D-9850C3A3759C}.Release|Any CPU.Build.0 = Release|Any CPU
		{5CC30445-5592-4E6D-9FD3-97EFBF9EE2F5}.Debug|Any CPU.ActiveCfg = Debug|Any CPU
		{5CC30445-5592-4E6D-9FD3-97EFBF9EE2F5}.Debug|Any CPU.Build.0 = Debug|Any CPU
		{5CC30445-5592-4E6D-9FD3-97EFBF9EE2F5}.Release|Any CPU.ActiveCfg = Release|Any CPU
		{5CC30445-5592-4E6D-9FD3-97EFBF9EE2F5}.Release|Any CPU.Build.0 = Release|Any CPU
		{3354964B-3528-444D-9350-3DD18464EE01}.Debug|Any CPU.ActiveCfg = Debug|Any CPU
		{3354964B-3528-444D-9350-3DD18464EE01}.Debug|Any CPU.Build.0 = Debug|Any CPU
		{3354964B-3528-444D-9350-3DD18464EE01}.Release|Any CPU.ActiveCfg = Release|Any CPU
		{3354964B-3528-444D-9350-3DD18464EE01}.Release|Any CPU.Build.0 = Release|Any CPU
	EndGlobalSection
	GlobalSection(SolutionProperties) = preSolution
		HideSolutionNode = FALSE
	EndGlobalSection
	GlobalSection(ExtensibilityGlobals) = postSolution
		SolutionGuid = {CE218770-1074-4737-BDE4-3E0A5FFD1720}
	EndGlobalSection
EndGlobal
